
Microsoft Visual Studio Solution File, Format Version 12.00
# Visual Studio Version 17
VisualStudioVersion = 17.14.36202.13 d17.14
MinimumVisualStudioVersion = 10.0.40219.1
Project("{FAE04EC0-301F-11D3-BF4B-00C04F79EFBC}") = "Arrys2", "Arrys2\Arrys2.csproj", "{5A63EAA6-D99D-40FA-850D-F82287A9AFF4}"
EndProject
Project("{FAE04EC0-301F-11D3-BF4B-00C04F79EFBC}") = "task 3", "task 3\task 3.csproj", "{A964E882-EDA2-4F4F-8238-6A43AAC17434}"
EndProject
Global
	GlobalSection(SolutionConfigurationPlatforms) = preSolution
		Debug|Any CPU = Debug|Any CPU
		Release|Any CPU = Release|Any CPU
	EndGlobalSection
	GlobalSection(ProjectConfigurationPlatforms) = postSolution
		{5A63EAA6-D99D-40FA-850D-F82287A9AFF4}.Debug|Any CPU.ActiveCfg = Debug|Any CPU
		{5A63EAA6-D99D-40FA-850D-F82287A9AFF4}.Debug|Any CPU.Build.0 = Debug|Any CPU
		{5A63EAA6-D99D-40FA-850D-F82287A9AFF4}.Release|Any CPU.ActiveCfg = Release|Any CPU
		{5A63EAA6-D99D-40FA-850D-F82287A9AFF4}.Release|Any CPU.Build.0 = Release|Any CPU
		{A964E882-EDA2-4F4F-8238-6A43AAC17434}.Debug|Any CPU.ActiveCfg = Debug|Any CPU
		{A964E882-EDA2-4F4F-8238-6A43AAC17434}.Debug|Any CPU.Build.0 = Debug|Any CPU
		{A964E882-EDA2-4F4F-8238-6A43AAC17434}.Release|Any CPU.ActiveCfg = Release|Any CPU
		{A964E882-EDA2-4F4F-8238-6A43AAC17434}.Release|Any CPU.Build.0 = Release|Any CPU
	EndGlobalSection
	GlobalSection(SolutionProperties) = preSolution
		HideSolutionNode = FALSE
	EndGlobalSection
	GlobalSection(ExtensibilityGlobals) = postSolution
		SolutionGuid = {FFA05E57-D4A7-4A02-B5AF-C533D347652D}
	EndGlobalSection
EndGlobal
